// !$*UTF8*$!
{
	archiveVersion = 1;
	classes = {
	};
	objectVersion = 46;
	objects = {

/* Begin PBXBuildFile section */
		3BC200001BCAF380003A57F0 /* vid.m4v in Resources */ = {isa = PBXBuildFile; fileRef = 3BC2FFFC1BCACEDE003A57F0 /* vid.m4v */; };
		3BC200021BCAF993003A57F0 /* vid2.m4v in Resources */ = {isa = PBXBuildFile; fileRef = 3BC200011BCAF983003A57F0 /* vid2.m4v */; };
		3BC200051BCB2D96003A57F0 /* TripCollectionViewController.m in Sources */ = {isa = PBXBuildFile; fileRef = 3BC200041BCB2D96003A57F0 /* TripCollectionViewController.m */; settings = {ASSET_TAGS = (); }; };
		3BC2FFB71BC9A968003A57F0 /* main.m in Sources */ = {isa = PBXBuildFile; fileRef = 3BC2FFB61BC9A968003A57F0 /* main.m */; };
		3BC2FFBA1BC9A968003A57F0 /* AppDelegate.m in Sources */ = {isa = PBXBuildFile; fileRef = 3BC2FFB91BC9A968003A57F0 /* AppDelegate.m */; };
		3BC2FFC01BC9A968003A57F0 /* Main.storyboard in Resources */ = {isa = PBXBuildFile; fileRef = 3BC2FFBE1BC9A968003A57F0 /* Main.storyboard */; };
		3BC2FFC21BC9A968003A57F0 /* Assets.xcassets in Resources */ = {isa = PBXBuildFile; fileRef = 3BC2FFC11BC9A968003A57F0 /* Assets.xcassets */; };
		3BC2FFC51BC9A968003A57F0 /* LaunchScreen.storyboard in Resources */ = {isa = PBXBuildFile; fileRef = 3BC2FFC31BC9A968003A57F0 /* LaunchScreen.storyboard */; };
		3BC2FFCE1BC9A9C7003A57F0 /* TripTableViewController.m in Sources */ = {isa = PBXBuildFile; fileRef = 3BC2FFCD1BC9A9C7003A57F0 /* TripTableViewController.m */; settings = {ASSET_TAGS = (); }; };
		3BC2FFD01BC9AF63003A57F0 /* EntryCell.xib in Resources */ = {isa = PBXBuildFile; fileRef = 3BC2FFCF1BC9AF63003A57F0 /* EntryCell.xib */; settings = {ASSET_TAGS = (); }; };
		3BC2FFD31BC9B7F1003A57F0 /* EntryCell.m in Sources */ = {isa = PBXBuildFile; fileRef = 3BC2FFD21BC9B7F1003A57F0 /* EntryCell.m */; settings = {ASSET_TAGS = (); }; };
		3BC2FFD61BCAB5E9003A57F0 /* Entry.m in Sources */ = {isa = PBXBuildFile; fileRef = 3BC2FFD51BCAB5E9003A57F0 /* Entry.m */; settings = {ASSET_TAGS = (); }; };
/* End PBXBuildFile section */

/* Begin PBXFileReference section */
		3BC200011BCAF983003A57F0 /* vid2.m4v */ = {isa = PBXFileReference; lastKnownFileType = file; path = vid2.m4v; sourceTree = "<group>"; };
		3BC200031BCB2D96003A57F0 /* TripCollectionViewController.h */ = {isa = PBXFileReference; fileEncoding = 4; lastKnownFileType = sourcecode.c.h; path = TripCollectionViewController.h; sourceTree = "<group>"; };
		3BC200041BCB2D96003A57F0 /* TripCollectionViewController.m */ = {isa = PBXFileReference; fileEncoding = 4; lastKnownFileType = sourcecode.c.objc; path = TripCollectionViewController.m; sourceTree = "<group>"; };
		3BC2FFB21BC9A968003A57F0 /* GoJournal.app */ = {isa = PBXFileReference; explicitFileType = wrapper.application; includeInIndex = 0; path = GoJournal.app; sourceTree = BUILT_PRODUCTS_DIR; };
		3BC2FFB61BC9A968003A57F0 /* main.m */ = {isa = PBXFileReference; lastKnownFileType = sourcecode.c.objc; path = main.m; sourceTree = "<group>"; };
		3BC2FFB81BC9A968003A57F0 /* AppDelegate.h */ = {isa = PBXFileReference; lastKnownFileType = sourcecode.c.h; path = AppDelegate.h; sourceTree = "<group>"; };
		3BC2FFB91BC9A968003A57F0 /* AppDelegate.m */ = {isa = PBXFileReference; lastKnownFileType = sourcecode.c.objc; path = AppDelegate.m; sourceTree = "<group>"; };
		3BC2FFBF1BC9A968003A57F0 /* Base */ = {isa = PBXFileReference; lastKnownFileType = file.storyboard; name = Base; path = Base.lproj/Main.storyboard; sourceTree = "<group>"; };
		3BC2FFC11BC9A968003A57F0 /* Assets.xcassets */ = {isa = PBXFileReference; lastKnownFileType = folder.assetcatalog; path = Assets.xcassets; sourceTree = "<group>"; };
		3BC2FFC41BC9A968003A57F0 /* Base */ = {isa = PBXFileReference; lastKnownFileType = file.storyboard; name = Base; path = Base.lproj/LaunchScreen.storyboard; sourceTree = "<group>"; };
		3BC2FFC61BC9A968003A57F0 /* Info.plist */ = {isa = PBXFileReference; lastKnownFileType = text.plist.xml; path = Info.plist; sourceTree = "<group>"; };
		3BC2FFCC1BC9A9C7003A57F0 /* TripTableViewController.h */ = {isa = PBXFileReference; fileEncoding = 4; lastKnownFileType = sourcecode.c.h; path = TripTableViewController.h; sourceTree = "<group>"; };
		3BC2FFCD1BC9A9C7003A57F0 /* TripTableViewController.m */ = {isa = PBXFileReference; fileEncoding = 4; lastKnownFileType = sourcecode.c.objc; path = TripTableViewController.m; sourceTree = "<group>"; };
		3BC2FFCF1BC9AF63003A57F0 /* EntryCell.xib */ = {isa = PBXFileReference; fileEncoding = 4; lastKnownFileType = file.xib; path = EntryCell.xib; sourceTree = "<group>"; };
		3BC2FFD11BC9B7F1003A57F0 /* EntryCell.h */ = {isa = PBXFileReference; fileEncoding = 4; lastKnownFileType = sourcecode.c.h; path = EntryCell.h; sourceTree = "<group>"; };
		3BC2FFD21BC9B7F1003A57F0 /* EntryCell.m */ = {isa = PBXFileReference; fileEncoding = 4; lastKnownFileType = sourcecode.c.objc; path = EntryCell.m; sourceTree = "<group>"; };
		3BC2FFD41BCAB5E9003A57F0 /* Entry.h */ = {isa = PBXFileReference; fileEncoding = 4; lastKnownFileType = sourcecode.c.h; path = Entry.h; sourceTree = "<group>"; };
		3BC2FFD51BCAB5E9003A57F0 /* Entry.m */ = {isa = PBXFileReference; fileEncoding = 4; lastKnownFileType = sourcecode.c.objc; path = Entry.m; sourceTree = "<group>"; };
		3BC2FFFC1BCACEDE003A57F0 /* vid.m4v */ = {isa = PBXFileReference; lastKnownFileType = file; path = vid.m4v; sourceTree = "<group>"; };
/* End PBXFileReference section */

/* Begin PBXFrameworksBuildPhase section */
		3BC2FFAF1BC9A968003A57F0 /* Frameworks */ = {
			isa = PBXFrameworksBuildPhase;
			buildActionMask = 2147483647;
			files = (
			);
			runOnlyForDeploymentPostprocessing = 0;
		};
/* End PBXFrameworksBuildPhase section */

/* Begin PBXGroup section */
		3BC2FFA91BC9A968003A57F0 = {
			isa = PBXGroup;
			children = (
				3BC2FFB41BC9A968003A57F0 /* GoJournal */,
				3BC2FFB31BC9A968003A57F0 /* Products */,
			);
			sourceTree = "<group>";
		};
		3BC2FFB31BC9A968003A57F0 /* Products */ = {
			isa = PBXGroup;
			children = (
				3BC2FFB21BC9A968003A57F0 /* GoJournal.app */,
			);
			name = Products;
			sourceTree = "<group>";
		};
		3BC2FFB41BC9A968003A57F0 /* GoJournal */ = {
			isa = PBXGroup;
			children = (
				3BC2FFB81BC9A968003A57F0 /* AppDelegate.h */,
				3BC2FFB91BC9A968003A57F0 /* AppDelegate.m */,
				3BC2FFCC1BC9A9C7003A57F0 /* TripTableViewController.h */,
				3BC2FFCD1BC9A9C7003A57F0 /* TripTableViewController.m */,
				3BC200031BCB2D96003A57F0 /* TripCollectionViewController.h */,
				3BC200041BCB2D96003A57F0 /* TripCollectionViewController.m */,
				3BC2FFD11BC9B7F1003A57F0 /* EntryCell.h */,
				3BC2FFD21BC9B7F1003A57F0 /* EntryCell.m */,
				3BC2FFCF1BC9AF63003A57F0 /* EntryCell.xib */,
				3BC2FFD41BCAB5E9003A57F0 /* Entry.h */,
				3BC2FFD51BCAB5E9003A57F0 /* Entry.m */,
				3BC2FFFB1BCACEC3003A57F0 /* Resources */,
				3BC2FFBE1BC9A968003A57F0 /* Main.storyboard */,
				3BC2FFC11BC9A968003A57F0 /* Assets.xcassets */,
				3BC2FFC31BC9A968003A57F0 /* LaunchScreen.storyboard */,
				3BC2FFC61BC9A968003A57F0 /* Info.plist */,
				3BC2FFB51BC9A968003A57F0 /* Supporting Files */,
			);
			path = GoJournal;
			sourceTree = "<group>";
		};
		3BC2FFB51BC9A968003A57F0 /* Supporting Files */ = {
			isa = PBXGroup;
			children = (
				3BC2FFB61BC9A968003A57F0 /* main.m */,
			);
			name = "Supporting Files";
			sourceTree = "<group>";
		};
		3BC2FFFB1BCACEC3003A57F0 /* Resources */ = {
			isa = PBXGroup;
			children = (
				3BC200011BCAF983003A57F0 /* vid2.m4v */,
				3BC2FFFC1BCACEDE003A57F0 /* vid.m4v */,
			);
			name = Resources;
			sourceTree = "<group>";
		};
/* End PBXGroup section */

/* Begin PBXNativeTarget section */
		3BC2FFB11BC9A968003A57F0 /* GoJournal */ = {
			isa = PBXNativeTarget;
			buildConfigurationList = 3BC2FFC91BC9A968003A57F0 /* Build configuration list for PBXNativeTarget "GoJournal" */;
			buildPhases = (
				3BC2FFAE1BC9A968003A57F0 /* Sources */,
				3BC2FFAF1BC9A968003A57F0 /* Frameworks */,
				3BC2FFB01BC9A968003A57F0 /* Resources */,
			);
			buildRules = (
			);
			dependencies = (
			);
			name = GoJournal;
			productName = GoJournal;
			productReference = 3BC2FFB21BC9A968003A57F0 /* GoJournal.app */;
			productType = "com.apple.product-type.application";
		};
/* End PBXNativeTarget section */

/* Begin PBXProject section */
		3BC2FFAA1BC9A968003A57F0 /* Project object */ = {
			isa = PBXProject;
			attributes = {
				LastUpgradeCheck = 0700;
				ORGANIZATIONNAME = "Elber Carneiro";
				TargetAttributes = {
					3BC2FFB11BC9A968003A57F0 = {
						CreatedOnToolsVersion = 7.0;
						DevelopmentTeam = 3HZSHG8SUA;
					};
				};
			};
			buildConfigurationList = 3BC2FFAD1BC9A968003A57F0 /* Build configuration list for PBXProject "GoJournal" */;
			compatibilityVersion = "Xcode 3.2";
			developmentRegion = English;
			hasScannedForEncodings = 0;
			knownRegions = (
				en,
				Base,
			);
			mainGroup = 3BC2FFA91BC9A968003A57F0;
			productRefGroup = 3BC2FFB31BC9A968003A57F0 /* Products */;
			projectDirPath = "";
			projectRoot = "";
			targets = (
				3BC2FFB11BC9A968003A57F0 /* GoJournal */,
			);
		};
/* End PBXProject section */

/* Begin PBXResourcesBuildPhase section */
		3BC2FFB01BC9A968003A57F0 /* Resources */ = {
			isa = PBXResourcesBuildPhase;
			buildActionMask = 2147483647;
			files = (
				3BC200021BCAF993003A57F0 /* vid2.m4v in Resources */,
				3BC200001BCAF380003A57F0 /* vid.m4v in Resources */,
				3BC2FFD01BC9AF63003A57F0 /* EntryCell.xib in Resources */,
				3BC2FFC51BC9A968003A57F0 /* LaunchScreen.storyboard in Resources */,
				3BC2FFC21BC9A968003A57F0 /* Assets.xcassets in Resources */,
				3BC2FFC01BC9A968003A57F0 /* Main.storyboard in Resources */,
			);
			runOnlyForDeploymentPostprocessing = 0;
		};
/* End PBXResourcesBuildPhase section */

/* Begin PBXSourcesBuildPhase section */
		3BC2FFAE1BC9A968003A57F0 /* Sources */ = {
			isa = PBXSourcesBuildPhase;
			buildActionMask = 2147483647;
			files = (
				3BC2FFD31BC9B7F1003A57F0 /* EntryCell.m in Sources */,
				3BC2FFD61BCAB5E9003A57F0 /* Entry.m in Sources */,
				3BC2FFBA1BC9A968003A57F0 /* AppDelegate.m in Sources */,
				3BC2FFB71BC9A968003A57F0 /* main.m in Sources */,
				3BC2FFCE1BC9A9C7003A57F0 /* TripTableViewController.m in Sources */,
				3BC200051BCB2D96003A57F0 /* TripCollectionViewController.m in Sources */,
			);
			runOnlyForDeploymentPostprocessing = 0;
		};
/* End PBXSourcesBuildPhase section */

/* Begin PBXVariantGroup section */
		3BC2FFBE1BC9A968003A57F0 /* Main.storyboard */ = {
			isa = PBXVariantGroup;
			children = (
				3BC2FFBF1BC9A968003A57F0 /* Base */,
			);
			name = Main.storyboard;
			sourceTree = "<group>";
		};
		3BC2FFC31BC9A968003A57F0 /* LaunchScreen.storyboard */ = {
			isa = PBXVariantGroup;
			children = (
				3BC2FFC41BC9A968003A57F0 /* Base */,
			);
			name = LaunchScreen.storyboard;
			sourceTree = "<group>";
		};
/* End PBXVariantGroup section */

/* Begin XCBuildConfiguration section */
		3BC2FFC71BC9A968003A57F0 /* Debug */ = {
			isa = XCBuildConfiguration;
			buildSettings = {
				ALWAYS_SEARCH_USER_PATHS = NO;
				CLANG_CXX_LANGUAGE_STANDARD = "gnu++0x";
				CLANG_CXX_LIBRARY = "libc++";
				CLANG_ENABLE_MODULES = YES;
				CLANG_ENABLE_OBJC_ARC = YES;
				CLANG_WARN_BOOL_CONVERSION = YES;
				CLANG_WARN_CONSTANT_CONVERSION = YES;
				CLANG_WARN_DIRECT_OBJC_ISA_USAGE = YES_ERROR;
				CLANG_WARN_EMPTY_BODY = YES;
				CLANG_WARN_ENUM_CONVERSION = YES;
				CLANG_WARN_INT_CONVERSION = YES;
				CLANG_WARN_OBJC_ROOT_CLASS = YES_ERROR;
				CLANG_WARN_UNREACHABLE_CODE = YES;
				CLANG_WARN__DUPLICATE_METHOD_MATCH = YES;
				"CODE_SIGN_IDENTITY[sdk=iphoneos*]" = "iPhone Developer";
				COPY_PHASE_STRIP = NO;
				DEBUG_INFORMATION_FORMAT = dwarf;
				ENABLE_STRICT_OBJC_MSGSEND = YES;
				ENABLE_TESTABILITY = YES;
				GCC_C_LANGUAGE_STANDARD = gnu99;
				GCC_DYNAMIC_NO_PIC = NO;
				GCC_NO_COMMON_BLOCKS = YES;
				GCC_OPTIMIZATION_LEVEL = 0;
				GCC_PREPROCESSOR_DEFINITIONS = (
					"DEBUG=1",
					"$(inherited)",
				);
				GCC_WARN_64_TO_32_BIT_CONVERSION = YES;
				GCC_WARN_ABOUT_RETURN_TYPE = YES_ERROR;
				GCC_WARN_UNDECLARED_SELECTOR = YES;
				GCC_WARN_UNINITIALIZED_AUTOS = YES_AGGRESSIVE;
				GCC_WARN_UNUSED_FUNCTION = YES;
				GCC_WARN_UNUSED_VARIABLE = YES;
				IPHONEOS_DEPLOYMENT_TARGET = 9.0;
				MTL_ENABLE_DEBUG_INFO = YES;
				ONLY_ACTIVE_ARCH = YES;
				SDKROOT = iphoneos;
			};
			name = Debug;
		};
		3BC2FFC81BC9A968003A57F0 /* Release */ = {
			isa = XCBuildConfiguration;
			buildSettings = {
				ALWAYS_SEARCH_USER_PATHS = NO;
				CLANG_CXX_LANGUAGE_STANDARD = "gnu++0x";
				CLANG_CXX_LIBRARY = "libc++";
				CLANG_ENABLE_MODULES = YES;
				CLANG_ENABLE_OBJC_ARC = YES;
				CLANG_WARN_BOOL_CONVERSION = YES;
				CLANG_WARN_CONSTANT_CONVERSION = YES;
				CLANG_WARN_DIRECT_OBJC_ISA_USAGE = YES_ERROR;
				CLANG_WARN_EMPTY_BODY = YES;
				CLANG_WARN_ENUM_CONVERSION = YES;
				CLANG_WARN_INT_CONVERSION = YES;
				CLANG_WARN_OBJC_ROOT_CLASS = YES_ERROR;
				CLANG_WARN_UNREACHABLE_CODE = YES;
				CLANG_WARN__DUPLICATE_METHOD_MATCH = YES;
				"CODE_SIGN_IDENTITY[sdk=iphoneos*]" = "iPhone Developer";
				COPY_PHASE_STRIP = NO;
				DEBUG_INFORMATION_FORMAT = "dwarf-with-dsym";
				ENABLE_NS_ASSERTIONS = NO;
				ENABLE_STRICT_OBJC_MSGSEND = YES;
				GCC_C_LANGUAGE_STANDARD = gnu99;
				GCC_NO_COMMON_BLOCKS = YES;
				GCC_WARN_64_TO_32_BIT_CONVERSION = YES;
				GCC_WARN_ABOUT_RETURN_TYPE = YES_ERROR;
				GCC_WARN_UNDECLARED_SELECTOR = YES;
				GCC_WARN_UNINITIALIZED_AUTOS = YES_AGGRESSIVE;
				GCC_WARN_UNUSED_FUNCTION = YES;
				GCC_WARN_UNUSED_VARIABLE = YES;
				IPHONEOS_DEPLOYMENT_TARGET = 9.0;
				MTL_ENABLE_DEBUG_INFO = NO;
				SDKROOT = iphoneos;
				VALIDATE_PRODUCT = YES;
			};
			name = Release;
		};
		3BC2FFCA1BC9A968003A57F0 /* Debug */ = {
			isa = XCBuildConfiguration;
			buildSettings = {
				ASSETCATALOG_COMPILER_APPICON_NAME = AppIcon;
				INFOPLIST_FILE = GoJournal/Info.plist;
				LD_RUNPATH_SEARCH_PATHS = "$(inherited) @executable_path/Frameworks";
				PRODUCT_BUNDLE_IDENTIFIER = com.elberdev.GoJournal;
				PRODUCT_NAME = "$(TARGET_NAME)";
			};
			name = Debug;
		};
		3BC2FFCB1BC9A968003A57F0 /* Release */ = {
			isa = XCBuildConfiguration;
			buildSettings = {
				ASSETCATALOG_COMPILER_APPICON_NAME = AppIcon;
				INFOPLIST_FILE = GoJournal/Info.plist;
				LD_RUNPATH_SEARCH_PATHS = "$(inherited) @executable_path/Frameworks";
				PRODUCT_BUNDLE_IDENTIFIER = com.elberdev.GoJournal;
				PRODUCT_NAME = "$(TARGET_NAME)";
			};
			name = Release;
		};
/* End XCBuildConfiguration section */

/* Begin XCConfigurationList section */
		3BC2FFAD1BC9A968003A57F0 /* Build configuration list for PBXProject "GoJournal" */ = {
			isa = XCConfigurationList;
			buildConfigurations = (
				3BC2FFC71BC9A968003A57F0 /* Debug */,
				3BC2FFC81BC9A968003A57F0 /* Release */,
			);
			defaultConfigurationIsVisible = 0;
			defaultConfigurationName = Release;
		};
		3BC2FFC91BC9A968003A57F0 /* Build configuration list for PBXNativeTarget "GoJournal" */ = {
			isa = XCConfigurationList;
			buildConfigurations = (
				3BC2FFCA1BC9A968003A57F0 /* Debug */,
				3BC2FFCB1BC9A968003A57F0 /* Release */,
			);
			defaultConfigurationIsVisible = 0;
		};
/* End XCConfigurationList section */
	};
	rootObject = 3BC2FFAA1BC9A968003A57F0 /* Project object */;
}
